
Microsoft Visual Studio Solution File, Format Version 12.00
# Visual Studio Version 16
VisualStudioVersion = 16.0.29509.3
MinimumVisualStudioVersion = 10.0.40219.1
Project("{FAE04EC0-301F-11D3-BF4B-00C04F79EFBC}") = "Foo.Api", "Foo.Api.csproj", "{764122D8-3DA9-42A7-A95F-AF9A1CB42675}"
EndProject
Global
	GlobalSection(SolutionConfigurationPlatforms) = preSolution
		Debug|Any CPU = Debug|Any CPU
		Release|Any CPU = Release|Any CPU
	EndGlobalSection
	GlobalSection(ProjectConfigurationPlatforms) = postSolution
		{764122D8-3DA9-42A7-A95F-AF9A1CB42675}.Debug|Any CPU.ActiveCfg = Debug|Any CPU
		{764122D8-3DA9-42A7-A95F-AF9A1CB42675}.Debug|Any CPU.Build.0 = Debug|Any CPU
		{764122D8-3DA9-42A7-A95F-AF9A1CB42675}.Release|Any CPU.ActiveCfg = Release|Any CPU
		{764122D8-3DA9-42A7-A95F-AF9A1CB42675}.Release|Any CPU.Build.0 = Release|Any CPU
	EndGlobalSection
	GlobalSection(SolutionProperties) = preSolution
		HideSolutionNode = FALSE
	EndGlobalSection
	GlobalSection(ExtensibilityGlobals) = postSolution
		SolutionGuid = {48A1710A-8323-4F28-9F08-7C969D4A557C}
	EndGlobalSection
EndGlobal
